
Microsoft Visual Studio Solution File, Format Version 12.00
# Visual Studio Version 17
VisualStudioVersion = 17.6.33815.320
MinimumVisualStudioVersion = 10.0.40219.1
Project("{9A19103F-16F7-4668-BE54-9A1E7A4F7556}") = "DirectLink", "DirectLink\DirectLink.csproj", "{A539E525-C87A-494B-82CB-BB907C12D68F}"
EndProject
Project("{9A19103F-16F7-4668-BE54-9A1E7A4F7556}") = "DirectLink.Main", "DirectLink.Main\DirectLink.Main.csproj", "{6B521537-AE28-4342-A909-438E28BDCD92}"
EndProject
Project("{9A19103F-16F7-4668-BE54-9A1E7A4F7556}") = "DirectLink.Core", "DirectLink.Core\DirectLink.Core.csproj", "{F3EFF471-EA21-4DEF-9354-85F662D35631}"
EndProject
Project("{9A19103F-16F7-4668-BE54-9A1E7A4F7556}") = "DirectLink.Forms", "DirectLink.Forms\DirectLink.Forms.csproj", "{7381884A-D0A8-41D5-845C-A45A49EB8D7F}"
EndProject
Global
	GlobalSection(SolutionConfigurationPlatforms) = preSolution
		Debug|Any CPU = Debug|Any CPU
		Release|Any CPU = Release|Any CPU
	EndGlobalSection
	GlobalSection(ProjectConfigurationPlatforms) = postSolution
		{A539E525-C87A-494B-82CB-BB907C12D68F}.Debug|Any CPU.ActiveCfg = Debug|Any CPU
		{A539E525-C87A-494B-82CB-BB907C12D68F}.Debug|Any CPU.Build.0 = Debug|Any CPU
		{A539E525-C87A-494B-82CB-BB907C12D68F}.Release|Any CPU.ActiveCfg = Release|Any CPU
		{A539E525-C87A-494B-82CB-BB907C12D68F}.Release|Any CPU.Build.0 = Release|Any CPU
		{6B521537-AE28-4342-A909-438E28BDCD92}.Debug|Any CPU.ActiveCfg = Debug|Any CPU
		{6B521537-AE28-4342-A909-438E28BDCD92}.Debug|Any CPU.Build.0 = Debug|Any CPU
		{6B521537-AE28-4342-A909-438E28BDCD92}.Release|Any CPU.ActiveCfg = Release|Any CPU
		{6B521537-AE28-4342-A909-438E28BDCD92}.Release|Any CPU.Build.0 = Release|Any CPU
		{F3EFF471-EA21-4DEF-9354-85F662D35631}.Debug|Any CPU.ActiveCfg = Debug|Any CPU
		{F3EFF471-EA21-4DEF-9354-85F662D35631}.Debug|Any CPU.Build.0 = Debug|Any CPU
		{F3EFF471-EA21-4DEF-9354-85F662D35631}.Release|Any CPU.ActiveCfg = Release|Any CPU
		{F3EFF471-EA21-4DEF-9354-85F662D35631}.Release|Any CPU.Build.0 = Release|Any CPU
		{7381884A-D0A8-41D5-845C-A45A49EB8D7F}.Debug|Any CPU.ActiveCfg = Debug|Any CPU
		{7381884A-D0A8-41D5-845C-A45A49EB8D7F}.Debug|Any CPU.Build.0 = Debug|Any CPU
		{7381884A-D0A8-41D5-845C-A45A49EB8D7F}.Release|Any CPU.ActiveCfg = Release|Any CPU
		{7381884A-D0A8-41D5-845C-A45A49EB8D7F}.Release|Any CPU.Build.0 = Release|Any CPU
	EndGlobalSection
	GlobalSection(SolutionProperties) = preSolution
		HideSolutionNode = FALSE
	EndGlobalSection
	GlobalSection(ExtensibilityGlobals) = postSolution
		SolutionGuid = {17BF3323-DA5E-4725-948D-43FBEB9C13D5}
	EndGlobalSection
EndGlobal
